
Microsoft Visual Studio Solution File, Format Version 12.00
# Visual Studio Version 16
VisualStudioVersion = 16.0.32802.440
MinimumVisualStudioVersion = 10.0.40219.1
Project("{8BC9CEB8-8B4A-11D0-8D11-00A0C91BC942}") = "Serialization", "Serialization\Serialization.vcxproj", "{F86938A7-F1A2-4150-8028-DA4E24141E61}"
EndProject
Global
	GlobalSection(SolutionConfigurationPlatforms) = preSolution
		Debug|x64 = Debug|x64
		Debug|x86 = Debug|x86
		Release|x64 = Release|x64
		Release|x86 = Release|x86
	EndGlobalSection
	GlobalSection(ProjectConfigurationPlatforms) = postSolution
		{F86938A7-F1A2-4150-8028-DA4E24141E61}.Debug|x64.ActiveCfg = Debug|x64
		{F86938A7-F1A2-4150-8028-DA4E24141E61}.Debug|x64.Build.0 = Debug|x64
		{F86938A7-F1A2-4150-8028-DA4E24141E61}.Debug|x86.ActiveCfg = Debug|Win32
		{F86938A7-F1A2-4150-8028-DA4E24141E61}.Debug|x86.Build.0 = Debug|Win32
		{F86938A7-F1A2-4150-8028-DA4E24141E61}.Release|x64.ActiveCfg = Release|x64
		{F86938A7-F1A2-4150-8028-DA4E24141E61}.Release|x64.Build.0 = Release|x64
		{F86938A7-F1A2-4150-8028-DA4E24141E61}.Release|x86.ActiveCfg = Release|Win32
		{F86938A7-F1A2-4150-8028-DA4E24141E61}.Release|x86.Build.0 = Release|Win32
	EndGlobalSection
	GlobalSection(SolutionProperties) = preSolution
		HideSolutionNode = FALSE
	EndGlobalSection
	GlobalSection(ExtensibilityGlobals) = postSolution
		SolutionGuid = {F0694761-845C-42C1-B0D0-682BF5BF15E8}
	EndGlobalSection
EndGlobal
